// !$*UTF8*$!
{
	archiveVersion = 1;
	classes = {
	};
	objectVersion = 56;
	objects = {

/* Begin PBXBuildFile section */
		ECE984CF2A4BB61000087BDD /* Fetch_iOS_Coding_ChallengeApp.swift in Sources */ = {isa = PBXBuildFile; fileRef = ECE984CE2A4BB61000087BDD /* Fetch_iOS_Coding_ChallengeApp.swift */; };
		ECE984D12A4BB61000087BDD /* ContentView.swift in Sources */ = {isa = PBXBuildFile; fileRef = ECE984D02A4BB61000087BDD /* ContentView.swift */; };
		ECE984D32A4BB61200087BDD /* Assets.xcassets in Resources */ = {isa = PBXBuildFile; fileRef = ECE984D22A4BB61200087BDD /* Assets.xcassets */; };
		ECE984D62A4BB61200087BDD /* Preview Assets.xcassets in Resources */ = {isa = PBXBuildFile; fileRef = ECE984D52A4BB61200087BDD /* Preview Assets.xcassets */; };
		ECE984DD2A4BB72C00087BDD /* Model.swift in Sources */ = {isa = PBXBuildFile; fileRef = ECE984DC2A4BB72C00087BDD /* Model.swift */; };
		ECE984DF2A4BB98E00087BDD /* ViewModel.swift in Sources */ = {isa = PBXBuildFile; fileRef = ECE984DE2A4BB98E00087BDD /* ViewModel.swift */; };
		ECE984E22A4C02A600087BDD /* URLImage in Frameworks */ = {isa = PBXBuildFile; productRef = ECE984E12A4C02A600087BDD /* URLImage */; };
		ECE984E42A4C055C00087BDD /* MealDetailView.swift in Sources */ = {isa = PBXBuildFile; fileRef = ECE984E32A4C055C00087BDD /* MealDetailView.swift */; };
		ECE984E62A4C089000087BDD /* MealDetailViewModel.swift in Sources */ = {isa = PBXBuildFile; fileRef = ECE984E52A4C089000087BDD /* MealDetailViewModel.swift */; };
/* End PBXBuildFile section */

/* Begin PBXFileReference section */
		ECE984CB2A4BB61000087BDD /* Fetch_iOS_Coding_Challenge.app */ = {isa = PBXFileReference; explicitFileType = wrapper.application; includeInIndex = 0; path = Fetch_iOS_Coding_Challenge.app; sourceTree = BUILT_PRODUCTS_DIR; };
		ECE984CE2A4BB61000087BDD /* Fetch_iOS_Coding_ChallengeApp.swift */ = {isa = PBXFileReference; lastKnownFileType = sourcecode.swift; path = Fetch_iOS_Coding_ChallengeApp.swift; sourceTree = "<group>"; };
		ECE984D02A4BB61000087BDD /* ContentView.swift */ = {isa = PBXFileReference; lastKnownFileType = sourcecode.swift; path = ContentView.swift; sourceTree = "<group>"; };
		ECE984D22A4BB61200087BDD /* Assets.xcassets */ = {isa = PBXFileReference; lastKnownFileType = folder.assetcatalog; path = Assets.xcassets; sourceTree = "<group>"; };
		ECE984D52A4BB61200087BDD /* Preview Assets.xcassets */ = {isa = PBXFileReference; lastKnownFileType = folder.assetcatalog; path = "Preview Assets.xcassets"; sourceTree = "<group>"; };
		ECE984DC2A4BB72C00087BDD /* Model.swift */ = {isa = PBXFileReference; lastKnownFileType = sourcecode.swift; path = Model.swift; sourceTree = "<group>"; };
		ECE984DE2A4BB98E00087BDD /* ViewModel.swift */ = {isa = PBXFileReference; lastKnownFileType = sourcecode.swift; path = ViewModel.swift; sourceTree = "<group>"; };
		ECE984E32A4C055C00087BDD /* MealDetailView.swift */ = {isa = PBXFileReference; lastKnownFileType = sourcecode.swift; path = MealDetailView.swift; sourceTree = "<group>"; };
		ECE984E52A4C089000087BDD /* MealDetailViewModel.swift */ = {isa = PBXFileReference; lastKnownFileType = sourcecode.swift; path = MealDetailViewModel.swift; sourceTree = "<group>"; };
/* End PBXFileReference section */

/* Begin PBXFrameworksBuildPhase section */
		ECE984C82A4BB61000087BDD /* Frameworks */ = {
			isa = PBXFrameworksBuildPhase;
			buildActionMask = 2147483647;
			files = (
				ECE984E22A4C02A600087BDD /* URLImage in Frameworks */,
			);
			runOnlyForDeploymentPostprocessing = 0;
		};
/* End PBXFrameworksBuildPhase section */

/* Begin PBXGroup section */
		ECE984C22A4BB61000087BDD = {
			isa = PBXGroup;
			children = (
				ECE984CD2A4BB61000087BDD /* Fetch_iOS_Coding_Challenge */,
				ECE984CC2A4BB61000087BDD /* Products */,
			);
			sourceTree = "<group>";
		};
		ECE984CC2A4BB61000087BDD /* Products */ = {
			isa = PBXGroup;
			children = (
				ECE984CB2A4BB61000087BDD /* Fetch_iOS_Coding_Challenge.app */,
			);
			name = Products;
			sourceTree = "<group>";
		};
		ECE984CD2A4BB61000087BDD /* Fetch_iOS_Coding_Challenge */ = {
			isa = PBXGroup;
			children = (
				ECE984CE2A4BB61000087BDD /* Fetch_iOS_Coding_ChallengeApp.swift */,
				ECE984D02A4BB61000087BDD /* ContentView.swift */,
				ECE984E32A4C055C00087BDD /* MealDetailView.swift */,
				ECE984DE2A4BB98E00087BDD /* ViewModel.swift */,
				ECE984E52A4C089000087BDD /* MealDetailViewModel.swift */,
				ECE984DC2A4BB72C00087BDD /* Model.swift */,
				ECE984D22A4BB61200087BDD /* Assets.xcassets */,
				ECE984D42A4BB61200087BDD /* Preview Content */,
			);
			path = Fetch_iOS_Coding_Challenge;
			sourceTree = "<group>";
		};
		ECE984D42A4BB61200087BDD /* Preview Content */ = {
			isa = PBXGroup;
			children = (
				ECE984D52A4BB61200087BDD /* Preview Assets.xcassets */,
			);
			path = "Preview Content";
			sourceTree = "<group>";
		};
/* End PBXGroup section */

/* Begin PBXNativeTarget section */
		ECE984CA2A4BB61000087BDD /* Fetch_iOS_Coding_Challenge */ = {
			isa = PBXNativeTarget;
			buildConfigurationList = ECE984D92A4BB61200087BDD /* Build configuration list for PBXNativeTarget "Fetch_iOS_Coding_Challenge" */;
			buildPhases = (
				ECE984C72A4BB61000087BDD /* Sources */,
				ECE984C82A4BB61000087BDD /* Frameworks */,
				ECE984C92A4BB61000087BDD /* Resources */,
			);
			buildRules = (
			);
			dependencies = (
			);
			name = Fetch_iOS_Coding_Challenge;
			packageProductDependencies = (
				ECE984E12A4C02A600087BDD /* URLImage */,
			);
			productName = Fetch_iOS_Coding_Challenge;
			productReference = ECE984CB2A4BB61000087BDD /* Fetch_iOS_Coding_Challenge.app */;
			productType = "com.apple.product-type.application";
		};
/* End PBXNativeTarget section */

/* Begin PBXProject section */
		ECE984C32A4BB61000087BDD /* Project object */ = {
			isa = PBXProject;
			attributes = {
				BuildIndependentTargetsInParallel = 1;
				LastSwiftUpdateCheck = 1430;
				LastUpgradeCheck = 1430;
				TargetAttributes = {
					ECE984CA2A4BB61000087BDD = {
						CreatedOnToolsVersion = 14.3.1;
					};
				};
			};
			buildConfigurationList = ECE984C62A4BB61000087BDD /* Build configuration list for PBXProject "Fetch_iOS_Coding_Challenge" */;
			compatibilityVersion = "Xcode 14.0";
			developmentRegion = en;
			hasScannedForEncodings = 0;
			knownRegions = (
				en,
				Base,
			);
			mainGroup = ECE984C22A4BB61000087BDD;
			packageReferences = (
				ECE984E02A4C02A600087BDD /* XCRemoteSwiftPackageReference "url-image" */,
			);
			productRefGroup = ECE984CC2A4BB61000087BDD /* Products */;
			projectDirPath = "";
			projectRoot = "";
			targets = (
				ECE984CA2A4BB61000087BDD /* Fetch_iOS_Coding_Challenge */,
			);
		};
/* End PBXProject section */

/* Begin PBXResourcesBuildPhase section */
		ECE984C92A4BB61000087BDD /* Resources */ = {
			isa = PBXResourcesBuildPhase;
			buildActionMask = 2147483647;
			files = (
				ECE984D62A4BB61200087BDD /* Preview Assets.xcassets in Resources */,
				ECE984D32A4BB61200087BDD /* Assets.xcassets in Resources */,
			);
			runOnlyForDeploymentPostprocessing = 0;
		};
/* End PBXResourcesBuildPhase section */

/* Begin PBXSourcesBuildPhase section */
		ECE984C72A4BB61000087BDD /* Sources */ = {
			isa = PBXSourcesBuildPhase;
			buildActionMask = 2147483647;
			files = (
				ECE984DD2A4BB72C00087BDD /* Model.swift in Sources */,
				ECE984D12A4BB61000087BDD /* ContentView.swift in Sources */,
				ECE984DF2A4BB98E00087BDD /* ViewModel.swift in Sources */,
				ECE984E42A4C055C00087BDD /* MealDetailView.swift in Sources */,
				ECE984E62A4C089000087BDD /* MealDetailViewModel.swift in Sources */,
				ECE984CF2A4BB61000087BDD /* Fetch_iOS_Coding_ChallengeApp.swift in Sources */,
			);
			runOnlyForDeploymentPostprocessing = 0;
		};
/* End PBXSourcesBuildPhase section */

/* Begin XCBuildConfiguration section */
		ECE984D72A4BB61200087BDD /* Debug */ = {
			isa = XCBuildConfiguration;
			buildSettings = {
				ALWAYS_SEARCH_USER_PATHS = NO;
				CLANG_ANALYZER_NONNULL = YES;
				CLANG_ANALYZER_NUMBER_OBJECT_CONVERSION = YES_AGGRESSIVE;
				CLANG_CXX_LANGUAGE_STANDARD = "gnu++20";
				CLANG_ENABLE_MODULES = YES;
				CLANG_ENABLE_OBJC_ARC = YES;
				CLANG_ENABLE_OBJC_WEAK = YES;
				CLANG_WARN_BLOCK_CAPTURE_AUTORELEASING = YES;
				CLANG_WARN_BOOL_CONVERSION = YES;
				CLANG_WARN_COMMA = YES;
				CLANG_WARN_CONSTANT_CONVERSION = YES;
				CLANG_WARN_DEPRECATED_OBJC_IMPLEMENTATIONS = YES;
				CLANG_WARN_DIRECT_OBJC_ISA_USAGE = YES_ERROR;
				CLANG_WARN_DOCUMENTATION_COMMENTS = YES;
				CLANG_WARN_EMPTY_BODY = YES;
				CLANG_WARN_ENUM_CONVERSION = YES;
				CLANG_WARN_INFINITE_RECURSION = YES;
				CLANG_WARN_INT_CONVERSION = YES;
				CLANG_WARN_NON_LITERAL_NULL_CONVERSION = YES;
				CLANG_WARN_OBJC_IMPLICIT_RETAIN_SELF = YES;
				CLANG_WARN_OBJC_LITERAL_CONVERSION = YES;
				CLANG_WARN_OBJC_ROOT_CLASS = YES_ERROR;
				CLANG_WARN_QUOTED_INCLUDE_IN_FRAMEWORK_HEADER = YES;
				CLANG_WARN_RANGE_LOOP_ANALYSIS = YES;
				CLANG_WARN_STRICT_PROTOTYPES = YES;
				CLANG_WARN_SUSPICIOUS_MOVE = YES;
				CLANG_WARN_UNGUARDED_AVAILABILITY = YES_AGGRESSIVE;
				CLANG_WARN_UNREACHABLE_CODE = YES;
				CLANG_WARN__DUPLICATE_METHOD_MATCH = YES;
				COPY_PHASE_STRIP = NO;
				DEBUG_INFORMATION_FORMAT = dwarf;
				ENABLE_STRICT_OBJC_MSGSEND = YES;
				ENABLE_TESTABILITY = YES;
				GCC_C_LANGUAGE_STANDARD = gnu11;
				GCC_DYNAMIC_NO_PIC = NO;
				GCC_NO_COMMON_BLOCKS = YES;
				GCC_OPTIMIZATION_LEVEL = 0;
				GCC_PREPROCESSOR_DEFINITIONS = (
					"DEBUG=1",
					"$(inherited)",
				);
				GCC_WARN_64_TO_32_BIT_CONVERSION = YES;
				GCC_WARN_ABOUT_RETURN_TYPE = YES_ERROR;
				GCC_WARN_UNDECLARED_SELECTOR = YES;
				GCC_WARN_UNINITIALIZED_AUTOS = YES_AGGRESSIVE;
				GCC_WARN_UNUSED_FUNCTION = YES;
				GCC_WARN_UNUSED_VARIABLE = YES;
				IPHONEOS_DEPLOYMENT_TARGET = 16.4;
				MTL_ENABLE_DEBUG_INFO = INCLUDE_SOURCE;
				MTL_FAST_MATH = YES;
				ONLY_ACTIVE_ARCH = YES;
				SDKROOT = iphoneos;
				SWIFT_ACTIVE_COMPILATION_CONDITIONS = DEBUG;
				SWIFT_OPTIMIZATION_LEVEL = "-Onone";
			};
			name = Debug;
		};
		ECE984D82A4BB61200087BDD /* Release */ = {
			isa = XCBuildConfiguration;
			buildSettings = {
				ALWAYS_SEARCH_USER_PATHS = NO;
				CLANG_ANALYZER_NONNULL = YES;
				CLANG_ANALYZER_NUMBER_OBJECT_CONVERSION = YES_AGGRESSIVE;
				CLANG_CXX_LANGUAGE_STANDARD = "gnu++20";
				CLANG_ENABLE_MODULES = YES;
				CLANG_ENABLE_OBJC_ARC = YES;
				CLANG_ENABLE_OBJC_WEAK = YES;
				CLANG_WARN_BLOCK_CAPTURE_AUTORELEASING = YES;
				CLANG_WARN_BOOL_CONVERSION = YES;
				CLANG_WARN_COMMA = YES;
				CLANG_WARN_CONSTANT_CONVERSION = YES;
				CLANG_WARN_DEPRECATED_OBJC_IMPLEMENTATIONS = YES;
				CLANG_WARN_DIRECT_OBJC_ISA_USAGE = YES_ERROR;
				CLANG_WARN_DOCUMENTATION_COMMENTS = YES;
				CLANG_WARN_EMPTY_BODY = YES;
				CLANG_WARN_ENUM_CONVERSION = YES;
				CLANG_WARN_INFINITE_RECURSION = YES;
				CLANG_WARN_INT_CONVERSION = YES;
				CLANG_WARN_NON_LITERAL_NULL_CONVERSION = YES;
				CLANG_WARN_OBJC_IMPLICIT_RETAIN_SELF = YES;
				CLANG_WARN_OBJC_LITERAL_CONVERSION = YES;
				CLANG_WARN_OBJC_ROOT_CLASS = YES_ERROR;
				CLANG_WARN_QUOTED_INCLUDE_IN_FRAMEWORK_HEADER = YES;
				CLANG_WARN_RANGE_LOOP_ANALYSIS = YES;
				CLANG_WARN_STRICT_PROTOTYPES = YES;
				CLANG_WARN_SUSPICIOUS_MOVE = YES;
				CLANG_WARN_UNGUARDED_AVAILABILITY = YES_AGGRESSIVE;
				CLANG_WARN_UNREACHABLE_CODE = YES;
				CLANG_WARN__DUPLICATE_METHOD_MATCH = YES;
				COPY_PHASE_STRIP = NO;
				DEBUG_INFORMATION_FORMAT = "dwarf-with-dsym";
				ENABLE_NS_ASSERTIONS = NO;
				ENABLE_STRICT_OBJC_MSGSEND = YES;
				GCC_C_LANGUAGE_STANDARD = gnu11;
				GCC_NO_COMMON_BLOCKS = YES;
				GCC_WARN_64_TO_32_BIT_CONVERSION = YES;
				GCC_WARN_ABOUT_RETURN_TYPE = YES_ERROR;
				GCC_WARN_UNDECLARED_SELECTOR = YES;
				GCC_WARN_UNINITIALIZED_AUTOS = YES_AGGRESSIVE;
				GCC_WARN_UNUSED_FUNCTION = YES;
				GCC_WARN_UNUSED_VARIABLE = YES;
				IPHONEOS_DEPLOYMENT_TARGET = 16.4;
				MTL_ENABLE_DEBUG_INFO = NO;
				MTL_FAST_MATH = YES;
				SDKROOT = iphoneos;
				SWIFT_COMPILATION_MODE = wholemodule;
				SWIFT_OPTIMIZATION_LEVEL = "-O";
				VALIDATE_PRODUCT = YES;
			};
			name = Release;
		};
		ECE984DA2A4BB61200087BDD /* Debug */ = {
			isa = XCBuildConfiguration;
			buildSettings = {
				ASSETCATALOG_COMPILER_APPICON_NAME = AppIcon;
				ASSETCATALOG_COMPILER_GLOBAL_ACCENT_COLOR_NAME = AccentColor;
				CODE_SIGN_STYLE = Automatic;
				CURRENT_PROJECT_VERSION = 1;
				DEVELOPMENT_ASSET_PATHS = "\"Fetch_iOS_Coding_Challenge/Preview Content\"";
				DEVELOPMENT_TEAM = 8VSXRM8868;
				ENABLE_PREVIEWS = YES;
				GENERATE_INFOPLIST_FILE = YES;
				INFOPLIST_KEY_UIApplicationSceneManifest_Generation = YES;
				INFOPLIST_KEY_UIApplicationSupportsIndirectInputEvents = YES;
				INFOPLIST_KEY_UILaunchScreen_Generation = YES;
				INFOPLIST_KEY_UISupportedInterfaceOrientations_iPad = "UIInterfaceOrientationPortrait UIInterfaceOrientationPortraitUpsideDown UIInterfaceOrientationLandscapeLeft UIInterfaceOrientationLandscapeRight";
				INFOPLIST_KEY_UISupportedInterfaceOrientations_iPhone = "UIInterfaceOrientationPortrait UIInterfaceOrientationLandscapeLeft UIInterfaceOrientationLandscapeRight";
				LD_RUNPATH_SEARCH_PATHS = (
					"$(inherited)",
					"@executable_path/Frameworks",
				);
				MARKETING_VERSION = 1.0;
				PRODUCT_BUNDLE_IDENTIFIER = "com.anusha.Fetch-iOS-Coding-Challenge";
				PRODUCT_NAME = "$(TARGET_NAME)";
				SWIFT_EMIT_LOC_STRINGS = YES;
				SWIFT_VERSION = 5.0;
				TARGETED_DEVICE_FAMILY = "1,2";
			};
			name = Debug;
		};
		ECE984DB2A4BB61200087BDD /* Release */ = {
			isa = XCBuildConfiguration;
			buildSettings = {
				ASSETCATALOG_COMPILER_APPICON_NAME = AppIcon;
				ASSETCATALOG_COMPILER_GLOBAL_ACCENT_COLOR_NAME = AccentColor;
				CODE_SIGN_STYLE = Automatic;
				CURRENT_PROJECT_VERSION = 1;
				DEVELOPMENT_ASSET_PATHS = "\"Fetch_iOS_Coding_Challenge/Preview Content\"";
				DEVELOPMENT_TEAM = 8VSXRM8868;
				ENABLE_PREVIEWS = YES;
				GENERATE_INFOPLIST_FILE = YES;
				INFOPLIST_KEY_UIApplicationSceneManifest_Generation = YES;
				INFOPLIST_KEY_UIApplicationSupportsIndirectInputEvents = YES;
				INFOPLIST_KEY_UILaunchScreen_Generation = YES;
				INFOPLIST_KEY_UISupportedInterfaceOrientations_iPad = "UIInterfaceOrientationPortrait UIInterfaceOrientationPortraitUpsideDown UIInterfaceOrientationLandscapeLeft UIInterfaceOrientationLandscapeRight";
				INFOPLIST_KEY_UISupportedInterfaceOrientations_iPhone = "UIInterfaceOrientationPortrait UIInterfaceOrientationLandscapeLeft UIInterfaceOrientationLandscapeRight";
				LD_RUNPATH_SEARCH_PATHS = (
					"$(inherited)",
					"@executable_path/Frameworks",
				);
				MARKETING_VERSION = 1.0;
				PRODUCT_BUNDLE_IDENTIFIER = "com.anusha.Fetch-iOS-Coding-Challenge";
				PRODUCT_NAME = "$(TARGET_NAME)";
				SWIFT_EMIT_LOC_STRINGS = YES;
				SWIFT_VERSION = 5.0;
				TARGETED_DEVICE_FAMILY = "1,2";
			};
			name = Release;
		};
/* End XCBuildConfiguration section */

/* Begin XCConfigurationList section */
		ECE984C62A4BB61000087BDD /* Build configuration list for PBXProject "Fetch_iOS_Coding_Challenge" */ = {
			isa = XCConfigurationList;
			buildConfigurations = (
				ECE984D72A4BB61200087BDD /* Debug */,
				ECE984D82A4BB61200087BDD /* Release */,
			);
			defaultConfigurationIsVisible = 0;
			defaultConfigurationName = Release;
		};
		ECE984D92A4BB61200087BDD /* Build configuration list for PBXNativeTarget "Fetch_iOS_Coding_Challenge" */ = {
			isa = XCConfigurationList;
			buildConfigurations = (
				ECE984DA2A4BB61200087BDD /* Debug */,
				ECE984DB2A4BB61200087BDD /* Release */,
			);
			defaultConfigurationIsVisible = 0;
			defaultConfigurationName = Release;
		};
/* End XCConfigurationList section */

/* Begin XCRemoteSwiftPackageReference section */
		ECE984E02A4C02A600087BDD /* XCRemoteSwiftPackageReference "url-image" */ = {
			isa = XCRemoteSwiftPackageReference;
			repositoryURL = "https://github.com/dmytro-anokhin/url-image";
			requirement = {
				kind = upToNextMajorVersion;
				minimumVersion = 3.0.0;
			};
		};
/* End XCRemoteSwiftPackageReference section */

/* Begin XCSwiftPackageProductDependency section */
		ECE984E12A4C02A600087BDD /* URLImage */ = {
			isa = XCSwiftPackageProductDependency;
			package = ECE984E02A4C02A600087BDD /* XCRemoteSwiftPackageReference "url-image" */;
			productName = URLImage;
		};
/* End XCSwiftPackageProductDependency section */
	};
	rootObject = ECE984C32A4BB61000087BDD /* Project object */;
}
